<?xml version="1.0" encoding="utf-8"?>
<Project ToolsVersion="4.0" xmlns="http://schemas.microsoft.com/developer/msbuild/2003">
  <ItemGroup>
    <Filter Include="源文件">
      <UniqueIdentifier>{4FC737F1-C7A5-4376-A066-2A32D752A2FF}</UniqueIdentifier>
      <Extensions>cpp;c;cc;cxx;c++;cppm;ixx;def;odl;idl;hpj;bat;asm;asmx</Extensions>
    </Filter>
    <Filter Include="数据库">
      <UniqueIdentifier>{4822518c-3dc1-44da-b82a-2ae2461ec0db}</UniqueIdentifier>
    </Filter>
    <Filter Include="条件变量">
      <UniqueIdentifier>{cad4fc2f-597c-4a1c-ae40-70f926e515be}</UniqueIdentifier>
    </Filter>
    <Filter Include="头文件">
      <UniqueIdentifier>{1edb1712-493a-4adc-acb6-60e16a441898}</UniqueIdentifier>
    </Filter>
    <Filter Include="数据处理">
      <UniqueIdentifier>{2f53d39d-f0ef-41ce-a90f-e75f2fe99a0a}</UniqueIdentifier>
    </Filter>
    <Filter Include="玩家信息">
      <UniqueIdentifier>{d8ddf144-a217-436d-812c-c3a133d5ffd8}</UniqueIdentifier>
    </Filter>
    <Filter Include="模板学习">
      <UniqueIdentifier>{c3be62fc-425d-43fa-bf99-d41e03ba5f22}</UniqueIdentifier>
    </Filter>
    <Filter Include="模板学习\SFIAE">
      <UniqueIdentifier>{c647976c-03eb-4b69-89fd-d2d2acfffd8d}</UniqueIdentifier>
    </Filter>
    <Filter Include="模板学习\测试用例">
      <UniqueIdentifier>{167a9929-bac3-4b01-b5bb-2888cd50cdb3}</UniqueIdentifier>
    </Filter>
    <Filter Include="模板学习\可调用对象">
      <UniqueIdentifier>{5eec96c4-4b85-48f7-925e-4661c2524e28}</UniqueIdentifier>
    </Filter>
    <Filter Include="模板学习\生成类型">
      <UniqueIdentifier>{278d4dcc-6ee0-48e0-866e-23572f898c61}</UniqueIdentifier>
    </Filter>
    <Filter Include="配置管理">
      <UniqueIdentifier>{b1444f34-4e80-48bd-a401-b5e7a582519a}</UniqueIdentifier>
    </Filter>
    <Filter Include="日志打印">
      <UniqueIdentifier>{bedad37b-81ca-4224-b7ec-1193f6004080}</UniqueIdentifier>
    </Filter>
    <Filter Include="脚本处理">
      <UniqueIdentifier>{5a12022b-f872-4d00-91e1-dd6c658650ee}</UniqueIdentifier>
    </Filter>
    <Filter Include="网络处理">
      <UniqueIdentifier>{6d30943c-ef2c-4ac7-92de-fa09a2a80c41}</UniqueIdentifier>
    </Filter>
    <Filter Include="玩家信息\玩家中心">
      <UniqueIdentifier>{4f0e6534-da46-4cd1-9b28-58d2efd0c9cf}</UniqueIdentifier>
    </Filter>
    <Filter Include="玩家信息\游戏逻辑">
      <UniqueIdentifier>{d235db6a-65b4-4da0-a53d-d39667202cb1}</UniqueIdentifier>
    </Filter>
  </ItemGroup>
  <ItemGroup>
    <ClCompile Include="main.cpp">
      <Filter>源文件</Filter>
    </ClCompile>
    <ClCompile Include="..\kernel\LogManager.cpp">
      <Filter>日志打印</Filter>
    </ClCompile>
    <ClCompile Include="..\kernel\MysqlHelper.cpp">
      <Filter>数据库</Filter>
    </ClCompile>
    <ClCompile Include="..\kernel\TCPSocket.cpp">
      <Filter>网络处理</Filter>
    </ClCompile>
    <ClCompile Include="..\kernel\DataLine.cpp">
      <Filter>数据处理</Filter>
    </ClCompile>
    <ClCompile Include="..\kernel\TCPClient.cpp">
      <Filter>网络处理</Filter>
    </ClCompile>
    <ClCompile Include="..\kernel\Util.cpp">
      <Filter>数据库</Filter>
    </ClCompile>
    <ClCompile Include="..\Player\PlayerCenter.cpp">
      <Filter>玩家信息\玩家中心</Filter>
    </ClCompile>
    <ClCompile Include="..\study\Test.cpp">
      <Filter>模板学习\测试用例</Filter>
    </ClCompile>
    <ClCompile Include="..\Config\ConfigMgr.cpp">
      <Filter>配置管理</Filter>
    </ClCompile>
    <ClCompile Include="..\Config\LuaCfgMgr.cpp">
      <Filter>配置管理</Filter>
    </ClCompile>
    <ClCompile Include="..\Lua\LuaMgr.cpp">
      <Filter>脚本处理</Filter>
    </ClCompile>
    <ClCompile Include="..\Player\Scene.cpp">
      <Filter>玩家信息\玩家中心</Filter>
    </ClCompile>
    <ClCompile Include="..\Player\PlayerPreproces.cpp">
      <Filter>玩家信息\玩家中心</Filter>
    </ClCompile>
    <ClCompile Include="..\Player\Player.cpp">
      <Filter>玩家信息\玩家中心</Filter>
    </ClCompile>
    <ClCompile Include="..\Player\PlayerInfo.cpp">
      <Filter>玩家信息\玩家中心</Filter>
    </ClCompile>
    <ClCompile Include="..\SubSys\SubPlayer.cpp">
      <Filter>玩家信息\游戏逻辑</Filter>
    </ClCompile>
  </ItemGroup>
  <ItemGroup>
    <ClInclude Include="..\kernel\LogManager.h">
      <Filter>日志打印</Filter>
    </ClInclude>
    <ClInclude Include="..\kernel\MysqlHelper.h">
      <Filter>数据库</Filter>
    </ClInclude>
    <ClInclude Include="..\kernel\ConditionVariable.h">
      <Filter>条件变量</Filter>
    </ClInclude>
    <ClInclude Include="..\kernel\DataLine.h">
      <Filter>数据处理</Filter>
    </ClInclude>
    <ClInclude Include="..\kernel\Internal.h">
      <Filter>头文件</Filter>
    </ClInclude>
    <ClInclude Include="..\kernel\Log.h">
      <Filter>头文件</Filter>
    </ClInclude>
    <ClInclude Include="..\kernel\TCPSocket.h">
      <Filter>网络处理</Filter>
    </ClInclude>
    <ClInclude Include="..\kernel\TCPClient.h">
      <Filter>网络处理</Filter>
    </ClInclude>
    <ClInclude Include="..\kernel\Util.h">
      <Filter>数据库</Filter>
    </ClInclude>
    <ClInclude Include="..\Player\PlayerCenter.h">
      <Filter>玩家信息\玩家中心</Filter>
    </ClInclude>
    <ClInclude Include="stdafx.h">
      <Filter>源文件</Filter>
    </ClInclude>
    <ClInclude Include="..\study\Addition.h">
      <Filter>模板学习\SFIAE</Filter>
    </ClInclude>
    <ClInclude Include="..\study\Test.h">
      <Filter>模板学习\测试用例</Filter>
    </ClInclude>
    <ClInclude Include="..\study\Function.h">
      <Filter>模板学习\可调用对象</Filter>
    </ClInclude>
    <ClInclude Include="..\study\IntegerSequence.h">
      <Filter>模板学习\生成类型</Filter>
    </ClInclude>
    <ClInclude Include="..\Config\ConfigMgr.h">
      <Filter>配置管理</Filter>
    </ClInclude>
    <ClInclude Include="..\Lua\LuaMgr.h">
      <Filter>脚本处理</Filter>
    </ClInclude>
    <ClInclude Include="..\Config\BaseCfgMgr.h">
      <Filter>配置管理</Filter>
    </ClInclude>
    <ClInclude Include="..\Player\Scene.h">
      <Filter>玩家信息\玩家中心</Filter>
    </ClInclude>
    <ClInclude Include="..\Player\MessageCmd.h">
      <Filter>玩家信息\玩家中心</Filter>
    </ClInclude>
    <ClInclude Include="..\Player\PlayerPreproces.h">
      <Filter>玩家信息\玩家中心</Filter>
    </ClInclude>
    <ClInclude Include="..\Player\Player.h">
      <Filter>玩家信息\玩家中心</Filter>
    </ClInclude>
    <ClInclude Include="..\Player\PlayerInfo.h">
      <Filter>玩家信息\玩家中心</Filter>
    </ClInclude>
    <ClInclude Include="..\SubSys\SubPlayer.h">
      <Filter>玩家信息\游戏逻辑</Filter>
    </ClInclude>
    <ClInclude Include="..\Player\Attribute.h">
      <Filter>玩家信息\玩家中心</Filter>
    </ClInclude>
  </ItemGroup>
  <ItemGroup>
    <None Include="..\Config\Config.pkg">
      <Filter>配置管理</Filter>
    </None>
  </ItemGroup>
</Project>