<?xml version="1.0" encoding="utf-8"?>
<Project ToolsVersion="4.0" xmlns="http://schemas.microsoft.com/developer/msbuild/2003">
  <ItemGroup>
    <Filter Include="源文件">
      <UniqueIdentifier>{4FC737F1-C7A5-4376-A066-2A32D752A2FF}</UniqueIdentifier>
      <Extensions>cpp;c;cc;cxx;c++;cppm;ixx;def;odl;idl;hpj;bat;asm;asmx</Extensions>
    </Filter>
    <Filter Include="配置管理">
      <UniqueIdentifier>{b1444f34-4e80-48bd-a401-b5e7a582519a}</UniqueIdentifier>
    </Filter>
    <Filter Include="工具接口">
      <UniqueIdentifier>{84260705-a460-4f29-9ae8-789d442bed07}</UniqueIdentifier>
    </Filter>
    <Filter Include="游戏逻辑">
      <UniqueIdentifier>{d8ddf144-a217-436d-812c-c3a133d5ffd8}</UniqueIdentifier>
    </Filter>
    <Filter Include="游戏逻辑\登录系统">
      <UniqueIdentifier>{498363ca-7180-475c-a485-fece46b95818}</UniqueIdentifier>
    </Filter>
    <Filter Include="游戏逻辑\移动系统">
      <UniqueIdentifier>{1fd789c8-3e84-4fce-b475-37e1238a96a1}</UniqueIdentifier>
    </Filter>
    <Filter Include="玩家中心">
      <UniqueIdentifier>{78b7d584-712c-4d5a-b870-5de98bc8c8df}</UniqueIdentifier>
    </Filter>
    <Filter Include="配置管理\配置文件">
      <UniqueIdentifier>{28d3548c-b4a4-4eb7-882f-42ca9fe52c44}</UniqueIdentifier>
    </Filter>
    <Filter Include="配置管理\配置脚本">
      <UniqueIdentifier>{0f2fb613-0f5f-4510-bcf4-d819209e535e}</UniqueIdentifier>
    </Filter>
    <Filter Include="头文件">
      <UniqueIdentifier>{1630a828-2396-497f-b953-c7e6f09bf055}</UniqueIdentifier>
    </Filter>
    <Filter Include="配置管理\配置管理">
      <UniqueIdentifier>{fa539d2b-833b-4a26-915a-0305813455d7}</UniqueIdentifier>
    </Filter>
    <Filter Include="网络架构">
      <UniqueIdentifier>{6d30943c-ef2c-4ac7-92de-fa09a2a80c41}</UniqueIdentifier>
    </Filter>
    <Filter Include="玩家中心\基类">
      <UniqueIdentifier>{3b7f2dd8-9513-4c00-830e-dbd53f7d0325}</UniqueIdentifier>
    </Filter>
    <Filter Include="玩家中心\派生">
      <UniqueIdentifier>{9730ed31-a78a-4f26-ab83-91568cd16a2d}</UniqueIdentifier>
    </Filter>
    <Filter Include="游戏逻辑\活动系统">
      <UniqueIdentifier>{d3ba2375-ec86-4aca-ad08-256f96eeac37}</UniqueIdentifier>
    </Filter>
    <Filter Include="游戏逻辑\活动系统\活动大厅">
      <UniqueIdentifier>{e80cf17c-42af-4481-88d9-ec82ab41f55b}</UniqueIdentifier>
    </Filter>
    <Filter Include="游戏逻辑\活动系统\区间活动">
      <UniqueIdentifier>{90e037ad-0ab2-492a-bf9f-9b7e4c642425}</UniqueIdentifier>
    </Filter>
    <Filter Include="游戏逻辑\活动系统\全天活动">
      <UniqueIdentifier>{ddc52368-b160-4e91-aac6-42c68bf02e8f}</UniqueIdentifier>
    </Filter>
    <Filter Include="游戏逻辑\活动系统\开服活动">
      <UniqueIdentifier>{8220c779-6925-4e96-ab99-70e7f69b0956}</UniqueIdentifier>
    </Filter>
    <Filter Include="游戏逻辑\活动系统\定点活动">
      <UniqueIdentifier>{059c37d5-e1df-4f13-9136-dee7b0f0da41}</UniqueIdentifier>
    </Filter>
    <Filter Include="游戏逻辑\技能系统">
      <UniqueIdentifier>{6c4d5fde-3bef-4399-9852-0d1bc48137cf}</UniqueIdentifier>
    </Filter>
  </ItemGroup>
  <ItemGroup>
    <ClCompile Include="main.cpp">
      <Filter>源文件</Filter>
    </ClCompile>
    <ClCompile Include="..\kernel\TCPSocket.cpp">
      <Filter>网络架构</Filter>
    </ClCompile>
    <ClCompile Include="..\kernel\TCPClient.cpp">
      <Filter>网络架构</Filter>
    </ClCompile>
    <ClCompile Include="..\Logic\LoginSys.cpp">
      <Filter>游戏逻辑\登录系统</Filter>
    </ClCompile>
    <ClCompile Include="..\Logic\MoveSys.cpp">
      <Filter>游戏逻辑\移动系统</Filter>
    </ClCompile>
    <ClCompile Include="..\kernel\Util.cpp">
      <Filter>工具接口</Filter>
    </ClCompile>
    <ClCompile Include="..\kernel\DataLine.cpp">
      <Filter>网络架构</Filter>
    </ClCompile>
    <ClCompile Include="..\Lua\LuaMgr.cpp">
      <Filter>配置管理\配置管理</Filter>
    </ClCompile>
    <ClCompile Include="..\Player\ServerTimer.cpp">
      <Filter>网络架构</Filter>
    </ClCompile>
    <ClCompile Include="..\kernel\MysqlHelper.cpp">
      <Filter>网络架构</Filter>
    </ClCompile>
    <ClCompile Include="..\kernel\LogManager.cpp">
      <Filter>网络架构</Filter>
    </ClCompile>
    <ClCompile Include="..\Lua\BaseCfgMgr.cpp">
      <Filter>配置管理\配置管理</Filter>
    </ClCompile>
    <ClCompile Include="..\Lua\ConfigMgr.cpp">
      <Filter>配置管理\配置管理</Filter>
    </ClCompile>
    <ClCompile Include="..\Lua\LuaCfgMgr.cpp">
      <Filter>配置管理\配置管理</Filter>
    </ClCompile>
    <ClCompile Include="..\Player\Player.cpp">
      <Filter>玩家中心\基类</Filter>
    </ClCompile>
    <ClCompile Include="..\Player\PlayerCenter.cpp">
      <Filter>玩家中心\基类</Filter>
    </ClCompile>
    <ClCompile Include="..\Player\PlayerPrep.cpp">
      <Filter>玩家中心\基类</Filter>
    </ClCompile>
    <ClCompile Include="..\Player\Scene.cpp">
      <Filter>玩家中心\基类</Filter>
    </ClCompile>
    <ClCompile Include="..\Player\PlayerCenterClient.cpp">
      <Filter>玩家中心\派生</Filter>
    </ClCompile>
    <ClCompile Include="..\Player\PlayerClient.cpp">
      <Filter>玩家中心\派生</Filter>
    </ClCompile>
    <ClCompile Include="..\Player\PlayerPrepClient.cpp">
      <Filter>玩家中心\派生</Filter>
    </ClCompile>
    <ClCompile Include="..\Player\SceneClient.cpp">
      <Filter>玩家中心\派生</Filter>
    </ClCompile>
    <ClCompile Include="..\Logic\ActivityHallCfg.cpp">
      <Filter>游戏逻辑\活动系统\活动大厅</Filter>
    </ClCompile>
    <ClCompile Include="..\Logic\ActivityHallSys.cpp">
      <Filter>游戏逻辑\活动系统\活动大厅</Filter>
    </ClCompile>
    <ClCompile Include="..\Logic\ActiveSection.cpp">
      <Filter>游戏逻辑\活动系统\区间活动</Filter>
    </ClCompile>
    <ClCompile Include="..\Logic\ActiveAlways.cpp">
      <Filter>游戏逻辑\活动系统\全天活动</Filter>
    </ClCompile>
    <ClCompile Include="..\Logic\ActiveService.cpp">
      <Filter>游戏逻辑\活动系统\开服活动</Filter>
    </ClCompile>
    <ClCompile Include="..\Logic\ActiveTime.cpp">
      <Filter>游戏逻辑\活动系统\定点活动</Filter>
    </ClCompile>
    <ClCompile Include="..\Logic\Animal.cpp">
      <Filter>玩家中心\基类</Filter>
    </ClCompile>
    <ClCompile Include="..\Logic\Monster.cpp">
      <Filter>玩家中心\基类</Filter>
    </ClCompile>
    <ClCompile Include="..\Logic\MonsterClient.cpp">
      <Filter>玩家中心\派生</Filter>
    </ClCompile>
    <ClCompile Include="..\Logic\SkillCfg.cpp">
      <Filter>游戏逻辑\技能系统</Filter>
    </ClCompile>
    <ClCompile Include="..\Logic\SkillSys.cpp">
      <Filter>游戏逻辑\技能系统</Filter>
    </ClCompile>
    <ClCompile Include="..\Logic\SkillLvSys.cpp">
      <Filter>游戏逻辑\技能系统</Filter>
    </ClCompile>
    <ClCompile Include="table.cpp">
      <Filter>源文件</Filter>
    </ClCompile>
  </ItemGroup>
  <ItemGroup>
    <ClInclude Include="..\kernel\TCPSocket.h">
      <Filter>网络架构</Filter>
    </ClInclude>
    <ClInclude Include="..\kernel\TCPClient.h">
      <Filter>网络架构</Filter>
    </ClInclude>
    <ClInclude Include="stdafx.h">
      <Filter>源文件</Filter>
    </ClInclude>
    <ClInclude Include="..\Logic\LoginSys.h">
      <Filter>游戏逻辑\登录系统</Filter>
    </ClInclude>
    <ClInclude Include="..\Logic\MoveSys.h">
      <Filter>游戏逻辑\移动系统</Filter>
    </ClInclude>
    <ClInclude Include="..\kernel\Util.h">
      <Filter>工具接口</Filter>
    </ClInclude>
    <ClInclude Include="..\kernel\DataLine.h">
      <Filter>网络架构</Filter>
    </ClInclude>
    <ClInclude Include="..\kernel\ConditionVariable.h">
      <Filter>网络架构</Filter>
    </ClInclude>
    <ClInclude Include="..\kernel\Structural.h">
      <Filter>头文件</Filter>
    </ClInclude>
    <ClInclude Include="..\Player\AttrsCmd.h">
      <Filter>头文件</Filter>
    </ClInclude>
    <ClInclude Include="..\Player\MessageCmd.h">
      <Filter>头文件</Filter>
    </ClInclude>
    <ClInclude Include="..\Player\TimerCmd.h">
      <Filter>头文件</Filter>
    </ClInclude>
    <ClInclude Include="..\kernel\Macro.h">
      <Filter>头文件</Filter>
    </ClInclude>
    <ClInclude Include="..\Lua\LuaMgr.h">
      <Filter>配置管理\配置管理</Filter>
    </ClInclude>
    <ClInclude Include="..\Player\ServerTimer.h">
      <Filter>网络架构</Filter>
    </ClInclude>
    <ClInclude Include="..\kernel\MysqlHelper.h">
      <Filter>网络架构</Filter>
    </ClInclude>
    <ClInclude Include="..\kernel\LogManager.h">
      <Filter>网络架构</Filter>
    </ClInclude>
    <ClInclude Include="..\Lua\BaseCfgMgr.h">
      <Filter>配置管理\配置管理</Filter>
    </ClInclude>
    <ClInclude Include="..\Lua\ConfigMgr.h">
      <Filter>配置管理\配置管理</Filter>
    </ClInclude>
    <ClInclude Include="..\Player\Player.h">
      <Filter>玩家中心\基类</Filter>
    </ClInclude>
    <ClInclude Include="..\Player\PlayerCenter.h">
      <Filter>玩家中心\基类</Filter>
    </ClInclude>
    <ClInclude Include="..\Player\PlayerPrep.h">
      <Filter>玩家中心\基类</Filter>
    </ClInclude>
    <ClInclude Include="..\Player\Scene.h">
      <Filter>玩家中心\基类</Filter>
    </ClInclude>
    <ClInclude Include="..\Player\PlayerCenterClient.h">
      <Filter>玩家中心\派生</Filter>
    </ClInclude>
    <ClInclude Include="..\Player\PlayerClient.h">
      <Filter>玩家中心\派生</Filter>
    </ClInclude>
    <ClInclude Include="..\Player\PlayerPrepClient.h">
      <Filter>玩家中心\派生</Filter>
    </ClInclude>
    <ClInclude Include="..\Player\SceneClient.h">
      <Filter>玩家中心\派生</Filter>
    </ClInclude>
    <ClInclude Include="..\Logic\ActivityHallCfg.h">
      <Filter>游戏逻辑\活动系统\活动大厅</Filter>
    </ClInclude>
    <ClInclude Include="..\Logic\ActivityHallSys.h">
      <Filter>游戏逻辑\活动系统\活动大厅</Filter>
    </ClInclude>
    <ClInclude Include="..\Logic\ActiveSection.h">
      <Filter>游戏逻辑\活动系统\区间活动</Filter>
    </ClInclude>
    <ClInclude Include="..\Logic\ActiveAlways.h">
      <Filter>游戏逻辑\活动系统\全天活动</Filter>
    </ClInclude>
    <ClInclude Include="..\Logic\ActiveService.h">
      <Filter>游戏逻辑\活动系统\开服活动</Filter>
    </ClInclude>
    <ClInclude Include="..\Logic\ActiveTime.h">
      <Filter>游戏逻辑\活动系统\定点活动</Filter>
    </ClInclude>
    <ClInclude Include="..\Logic\Animal.h">
      <Filter>玩家中心\基类</Filter>
    </ClInclude>
    <ClInclude Include="..\Logic\Monster.h">
      <Filter>玩家中心\基类</Filter>
    </ClInclude>
    <ClInclude Include="..\Logic\MonsterClient.h">
      <Filter>玩家中心\派生</Filter>
    </ClInclude>
    <ClInclude Include="..\Logic\SkillCfg.h">
      <Filter>游戏逻辑\技能系统</Filter>
    </ClInclude>
    <ClInclude Include="..\Logic\SkillSys.h">
      <Filter>游戏逻辑\技能系统</Filter>
    </ClInclude>
    <ClInclude Include="..\Logic\SkillLvSys.h">
      <Filter>游戏逻辑\技能系统</Filter>
    </ClInclude>
  </ItemGroup>
  <ItemGroup>
    <None Include="..\Data\Config\BaseCfg.lua">
      <Filter>配置管理\配置文件</Filter>
    </None>
    <None Include="..\Lua\Config.pkg">
      <Filter>配置管理\配置脚本</Filter>
    </None>
    <None Include="..\Lua\LoadScript.lua">
      <Filter>配置管理\配置脚本</Filter>
    </None>
    <None Include="..\Data\Config\ActivityCfg.lua">
      <Filter>配置管理\配置文件</Filter>
    </None>
    <None Include="..\Data\Config\SkillCfg.lua">
      <Filter>配置管理\配置文件</Filter>
    </None>
  </ItemGroup>
</Project>