<?xml version="1.0" encoding="utf-8"?>
<Project ToolsVersion="4.0" xmlns="http://schemas.microsoft.com/developer/msbuild/2003">
  <ItemGroup>
    <Filter Include="源文件">
      <UniqueIdentifier>{4FC737F1-C7A5-4376-A066-2A32D752A2FF}</UniqueIdentifier>
      <Extensions>cpp;c;cc;cxx;c++;cppm;ixx;def;odl;idl;hpj;bat;asm;asmx</Extensions>
    </Filter>
    <Filter Include="数据库">
      <UniqueIdentifier>{4822518c-3dc1-44da-b82a-2ae2461ec0db}</UniqueIdentifier>
    </Filter>
    <Filter Include="配置管理">
      <UniqueIdentifier>{b1444f34-4e80-48bd-a401-b5e7a582519a}</UniqueIdentifier>
    </Filter>
    <Filter Include="日志打印">
      <UniqueIdentifier>{bedad37b-81ca-4224-b7ec-1193f6004080}</UniqueIdentifier>
    </Filter>
    <Filter Include="工具接口">
      <UniqueIdentifier>{84260705-a460-4f29-9ae8-789d442bed07}</UniqueIdentifier>
    </Filter>
    <Filter Include="定时器">
      <UniqueIdentifier>{00798cc1-3e0b-4ac3-915b-86c487fe189d}</UniqueIdentifier>
    </Filter>
    <Filter Include="游戏逻辑">
      <UniqueIdentifier>{d8ddf144-a217-436d-812c-c3a133d5ffd8}</UniqueIdentifier>
    </Filter>
    <Filter Include="游戏逻辑\登录系统">
      <UniqueIdentifier>{498363ca-7180-475c-a485-fece46b95818}</UniqueIdentifier>
    </Filter>
    <Filter Include="游戏逻辑\移动系统">
      <UniqueIdentifier>{1fd789c8-3e84-4fce-b475-37e1238a96a1}</UniqueIdentifier>
    </Filter>
    <Filter Include="游戏网络">
      <UniqueIdentifier>{6d30943c-ef2c-4ac7-92de-fa09a2a80c41}</UniqueIdentifier>
    </Filter>
    <Filter Include="玩家信息">
      <UniqueIdentifier>{4b5ebd0b-9564-4365-b6ab-c6479df673ec}</UniqueIdentifier>
    </Filter>
    <Filter Include="玩家中心">
      <UniqueIdentifier>{78b7d584-712c-4d5a-b870-5de98bc8c8df}</UniqueIdentifier>
    </Filter>
  </ItemGroup>
  <ItemGroup>
    <ClCompile Include="main.cpp">
      <Filter>源文件</Filter>
    </ClCompile>
    <ClCompile Include="..\kernel\LogManager.cpp">
      <Filter>日志打印</Filter>
    </ClCompile>
    <ClCompile Include="..\kernel\MysqlHelper.cpp">
      <Filter>数据库</Filter>
    </ClCompile>
    <ClCompile Include="..\kernel\TCPSocket.cpp">
      <Filter>游戏网络</Filter>
    </ClCompile>
    <ClCompile Include="..\kernel\TCPClient.cpp">
      <Filter>游戏网络</Filter>
    </ClCompile>
    <ClCompile Include="..\Config\ConfigMgr.cpp">
      <Filter>配置管理</Filter>
    </ClCompile>
    <ClCompile Include="..\Config\LuaCfgMgr.cpp">
      <Filter>配置管理</Filter>
    </ClCompile>
    <ClCompile Include="..\Logic\LoginSys.cpp">
      <Filter>游戏逻辑\登录系统</Filter>
    </ClCompile>
    <ClCompile Include="..\Logic\MoveSys.cpp">
      <Filter>游戏逻辑\移动系统</Filter>
    </ClCompile>
    <ClCompile Include="..\kernel\Util.cpp">
      <Filter>工具接口</Filter>
    </ClCompile>
    <ClCompile Include="..\Config\BaseCfgMgr.cpp">
      <Filter>配置管理</Filter>
    </ClCompile>
    <ClCompile Include="..\Player\ServerTimer.cpp">
      <Filter>定时器</Filter>
    </ClCompile>
    <ClCompile Include="..\Player\Player.cpp">
      <Filter>玩家信息</Filter>
    </ClCompile>
    <ClCompile Include="..\Player\PlayerCenter.cpp">
      <Filter>玩家信息</Filter>
    </ClCompile>
    <ClCompile Include="..\Player\PlayerInfo.cpp">
      <Filter>玩家信息</Filter>
    </ClCompile>
    <ClCompile Include="..\Player\PlayerPreproces.cpp">
      <Filter>玩家信息</Filter>
    </ClCompile>
    <ClCompile Include="..\Player\Scene.cpp">
      <Filter>玩家信息</Filter>
    </ClCompile>
    <ClCompile Include="..\SubSys\SubPlayer.cpp">
      <Filter>玩家中心</Filter>
    </ClCompile>
    <ClCompile Include="..\SubSys\SubPlayerCenter.cpp">
      <Filter>玩家中心</Filter>
    </ClCompile>
    <ClCompile Include="..\SubSys\SubPlayerPreproces.cpp">
      <Filter>玩家中心</Filter>
    </ClCompile>
    <ClCompile Include="..\SubSys\SubScene.cpp">
      <Filter>玩家中心</Filter>
    </ClCompile>
    <ClCompile Include="..\kernel\DataLine.cpp">
      <Filter>游戏网络</Filter>
    </ClCompile>
    <ClCompile Include="..\Lua\LuaMgr.cpp">
      <Filter>配置管理</Filter>
    </ClCompile>
  </ItemGroup>
  <ItemGroup>
    <ClInclude Include="..\kernel\LogManager.h">
      <Filter>日志打印</Filter>
    </ClInclude>
    <ClInclude Include="..\kernel\MysqlHelper.h">
      <Filter>数据库</Filter>
    </ClInclude>
    <ClInclude Include="..\kernel\TCPSocket.h">
      <Filter>游戏网络</Filter>
    </ClInclude>
    <ClInclude Include="..\kernel\TCPClient.h">
      <Filter>游戏网络</Filter>
    </ClInclude>
    <ClInclude Include="stdafx.h">
      <Filter>源文件</Filter>
    </ClInclude>
    <ClInclude Include="..\Config\ConfigMgr.h">
      <Filter>配置管理</Filter>
    </ClInclude>
    <ClInclude Include="..\Config\BaseCfgMgr.h">
      <Filter>配置管理</Filter>
    </ClInclude>
    <ClInclude Include="..\Logic\LoginSys.h">
      <Filter>游戏逻辑\登录系统</Filter>
    </ClInclude>
    <ClInclude Include="..\Logic\MoveSys.h">
      <Filter>游戏逻辑\移动系统</Filter>
    </ClInclude>
    <ClInclude Include="..\kernel\Util.h">
      <Filter>工具接口</Filter>
    </ClInclude>
    <ClInclude Include="..\Player\ServerTimer.h">
      <Filter>定时器</Filter>
    </ClInclude>
    <ClInclude Include="..\Player\Player.h">
      <Filter>玩家信息</Filter>
    </ClInclude>
    <ClInclude Include="..\Player\PlayerCenter.h">
      <Filter>玩家信息</Filter>
    </ClInclude>
    <ClInclude Include="..\Player\PlayerInfo.h">
      <Filter>玩家信息</Filter>
    </ClInclude>
    <ClInclude Include="..\Player\PlayerPreproces.h">
      <Filter>玩家信息</Filter>
    </ClInclude>
    <ClInclude Include="..\Player\Scene.h">
      <Filter>玩家信息</Filter>
    </ClInclude>
    <ClInclude Include="..\Player\AttrsCmd.h">
      <Filter>玩家中心</Filter>
    </ClInclude>
    <ClInclude Include="..\Player\MessageCmd.h">
      <Filter>玩家中心</Filter>
    </ClInclude>
    <ClInclude Include="..\SubSys\SubPlayer.h">
      <Filter>玩家中心</Filter>
    </ClInclude>
    <ClInclude Include="..\SubSys\SubPlayerCenter.h">
      <Filter>玩家中心</Filter>
    </ClInclude>
    <ClInclude Include="..\SubSys\SubPlayerPreproces.h">
      <Filter>玩家中心</Filter>
    </ClInclude>
    <ClInclude Include="..\SubSys\SubScene.h">
      <Filter>玩家中心</Filter>
    </ClInclude>
    <ClInclude Include="..\kernel\DataLine.h">
      <Filter>游戏网络</Filter>
    </ClInclude>
    <ClInclude Include="..\kernel\Log.h">
      <Filter>日志打印</Filter>
    </ClInclude>
    <ClInclude Include="..\kernel\Internal.h">
      <Filter>游戏网络</Filter>
    </ClInclude>
    <ClInclude Include="..\kernel\ConditionVariable.h">
      <Filter>游戏网络</Filter>
    </ClInclude>
    <ClInclude Include="..\Lua\LuaMgr.h">
      <Filter>配置管理</Filter>
    </ClInclude>
    <ClInclude Include="..\Player\TimerCmd.h">
      <Filter>玩家中心</Filter>
    </ClInclude>
  </ItemGroup>
  <ItemGroup>
    <None Include="..\Config\Config.pkg">
      <Filter>配置管理</Filter>
    </None>
    <None Include="..\Config\LoadScript.lua">
      <Filter>配置管理</Filter>
    </None>
  </ItemGroup>
</Project>