<?xml version="1.0" encoding="utf-8"?>
<Project ToolsVersion="4.0" xmlns="http://schemas.microsoft.com/developer/msbuild/2003">
  <ItemGroup>
    <Filter Include="网络架构">
      <UniqueIdentifier>{3ff3256f-93f4-4fe5-a227-85912fd6346c}</UniqueIdentifier>
    </Filter>
    <Filter Include="网络架构\数据处理">
      <UniqueIdentifier>{4bd92639-faf4-40f6-8bdf-f0bb6c57579b}</UniqueIdentifier>
    </Filter>
    <Filter Include="网络架构\网络消息">
      <UniqueIdentifier>{2cb0ea4e-1c91-4128-bc16-fd4bd9db4562}</UniqueIdentifier>
    </Filter>
    <Filter Include="网络架构\条件变量">
      <UniqueIdentifier>{aa63288c-8027-46e0-b16f-54d3a8a5ddff}</UniqueIdentifier>
    </Filter>
    <Filter Include="网络架构\定时管理">
      <UniqueIdentifier>{e5f74034-a017-451b-8a5a-3a1e1f1ae631}</UniqueIdentifier>
    </Filter>
    <Filter Include="文件管理">
      <UniqueIdentifier>{f68ccd12-4b74-4055-b31e-fbbdd96da10e}</UniqueIdentifier>
    </Filter>
    <Filter Include="文件管理\结构体头">
      <UniqueIdentifier>{d8f8157a-38ad-404c-8235-d1fe94c4790a}</UniqueIdentifier>
    </Filter>
    <Filter Include="文件管理\预处理头">
      <UniqueIdentifier>{54e5ad60-ee10-47eb-b187-da267fc35b68}</UniqueIdentifier>
    </Filter>
    <Filter Include="系统入口">
      <UniqueIdentifier>{4FC737F1-C7A5-4376-A066-2A32D752A2FF}</UniqueIdentifier>
      <Extensions>cpp;c;cc;cxx;c++;cppm;ixx;def;odl;idl;hpj;bat;asm;asmx</Extensions>
    </Filter>
    <Filter Include="系统入口\主要接口">
      <UniqueIdentifier>{ceaf10aa-f908-4dcb-840a-fcb0b2bfcb4f}</UniqueIdentifier>
    </Filter>
    <Filter Include="系统入口\工具管理">
      <UniqueIdentifier>{1bc99cfe-43f7-4d3d-aaba-ca3db388f2ed}</UniqueIdentifier>
    </Filter>
  </ItemGroup>
  <ItemGroup>
    <ClInclude Include="ServerTimer.h">
      <Filter>网络架构\定时管理</Filter>
    </ClInclude>
    <ClInclude Include="ConditionVariable.h">
      <Filter>网络架构\条件变量</Filter>
    </ClInclude>
    <ClInclude Include="TCPSocket.h">
      <Filter>网络架构\网络消息</Filter>
    </ClInclude>
    <ClInclude Include="TCpClien.h">
      <Filter>网络架构\网络消息</Filter>
    </ClInclude>
    <ClInclude Include="DataLine.h">
      <Filter>网络架构\数据处理</Filter>
    </ClInclude>
    <ClInclude Include="Netmsg.h">
      <Filter>网络架构\数据处理</Filter>
    </ClInclude>
    <ClInclude Include="pch.h">
      <Filter>文件管理\预处理头</Filter>
    </ClInclude>
    <ClInclude Include="MainNameSpace.h">
      <Filter>系统入口\主要接口</Filter>
    </ClInclude>
    <ClInclude Include="Util.h">
      <Filter>系统入口\工具管理</Filter>
    </ClInclude>
    <ClInclude Include="Structural.h">
      <Filter>文件管理\结构体头</Filter>
    </ClInclude>
  </ItemGroup>
  <ItemGroup>
    <ClCompile Include="ServerTimer.cpp">
      <Filter>网络架构\定时管理</Filter>
    </ClCompile>
    <ClCompile Include="TCPSocket.cpp">
      <Filter>网络架构\网络消息</Filter>
    </ClCompile>
    <ClCompile Include="TCpClien.cpp">
      <Filter>网络架构\网络消息</Filter>
    </ClCompile>
    <ClCompile Include="DataLine.cpp">
      <Filter>网络架构\数据处理</Filter>
    </ClCompile>
    <ClCompile Include="Netmsg.cpp">
      <Filter>网络架构\数据处理</Filter>
    </ClCompile>
    <ClCompile Include="pch.cpp">
      <Filter>文件管理\预处理头</Filter>
    </ClCompile>
    <ClCompile Include="MainNameSpace.cpp">
      <Filter>系统入口\主要接口</Filter>
    </ClCompile>
    <ClCompile Include="Util.cpp">
      <Filter>系统入口\工具管理</Filter>
    </ClCompile>
    <ClCompile Include="dllmain.cpp">
      <Filter>系统入口\主要接口</Filter>
    </ClCompile>
  </ItemGroup>
</Project>